
Microsoft Visual Studio Solution File, Format Version 12.00
# Visual Studio 15
Project("{FAE04EC0-301F-11D3-BF4B-00C04F79EFBC}") = "Students_Management", "Assignment\Students_Management.csproj", "{AF50D774-A0C7-46E1-A6DF-8D8D7CBAB3B9}"
EndProject
Global
	GlobalSection(SolutionConfigurationPlatforms) = preSolution
		Debug|anycpu = Debug|anycpu
		Release|anycpu = Release|anycpu
	EndGlobalSection
	GlobalSection(ProjectConfigurationPlatforms) = postSolution
		{AF50D774-A0C7-46E1-A6DF-8D8D7CBAB3B9}.Debug|anycpu.ActiveCfg = Debug|anycpu
		{AF50D774-A0C7-46E1-A6DF-8D8D7CBAB3B9}.Debug|anycpu.Build.0 = Debug|anycpu
		{AF50D774-A0C7-46E1-A6DF-8D8D7CBAB3B9}.Release|anycpu.ActiveCfg = Release|anycpu
		{AF50D774-A0C7-46E1-A6DF-8D8D7CBAB3B9}.Release|anycpu.Build.0 = Release|anycpu
	EndGlobalSection
EndGlobal
